// !$*UTF8*$!
{
	archiveVersion = 1;
	classes = {
	};
	objectVersion = 50;
	objects = {

/* Begin PBXBuildFile section */
		0F94F792253D89E500F98249 /* EmojiViewController.swift in Sources */ = {isa = PBXBuildFile; fileRef = 0F94F791253D89E500F98249 /* EmojiViewController.swift */; };
		0F990E0125385C1C0056BBDD /* AppDelegate.swift in Sources */ = {isa = PBXBuildFile; fileRef = 0F990E0025385C1C0056BBDD /* AppDelegate.swift */; };
		0F990E0325385C1C0056BBDD /* SceneDelegate.swift in Sources */ = {isa = PBXBuildFile; fileRef = 0F990E0225385C1C0056BBDD /* SceneDelegate.swift */; };
		0F990E0825385C1C0056BBDD /* Main.storyboard in Resources */ = {isa = PBXBuildFile; fileRef = 0F990E0625385C1C0056BBDD /* Main.storyboard */; };
		0F990E0A25385C1D0056BBDD /* Assets.xcassets in Resources */ = {isa = PBXBuildFile; fileRef = 0F990E0925385C1D0056BBDD /* Assets.xcassets */; };
		0F990E0D25385C1D0056BBDD /* LaunchScreen.storyboard in Resources */ = {isa = PBXBuildFile; fileRef = 0F990E0B25385C1D0056BBDD /* LaunchScreen.storyboard */; };
		0F990E1825385C1D0056BBDD /* Emoji_DictionaryTests.swift in Sources */ = {isa = PBXBuildFile; fileRef = 0F990E1725385C1D0056BBDD /* Emoji_DictionaryTests.swift */; };
		0F990E2325385C1D0056BBDD /* Emoji_DictionaryUITests.swift in Sources */ = {isa = PBXBuildFile; fileRef = 0F990E2225385C1D0056BBDD /* Emoji_DictionaryUITests.swift */; };
		0F990E3725385EEB0056BBDD /* EmojiTableViewController.swift in Sources */ = {isa = PBXBuildFile; fileRef = 0F990E3625385EEB0056BBDD /* EmojiTableViewController.swift */; };
		0F9F3ADA253DB38C003EABE8 /* Emoji.swift in Sources */ = {isa = PBXBuildFile; fileRef = 0F9F3AD9253DB38C003EABE8 /* Emoji.swift */; };
/* End PBXBuildFile section */

/* Begin PBXContainerItemProxy section */
		0F990E1425385C1D0056BBDD /* PBXContainerItemProxy */ = {
			isa = PBXContainerItemProxy;
			containerPortal = 0F990DF525385C1C0056BBDD /* Project object */;
			proxyType = 1;
			remoteGlobalIDString = 0F990DFC25385C1C0056BBDD;
			remoteInfo = "Emoji Dictionary";
		};
		0F990E1F25385C1D0056BBDD /* PBXContainerItemProxy */ = {
			isa = PBXContainerItemProxy;
			containerPortal = 0F990DF525385C1C0056BBDD /* Project object */;
			proxyType = 1;
			remoteGlobalIDString = 0F990DFC25385C1C0056BBDD;
			remoteInfo = "Emoji Dictionary";
		};
/* End PBXContainerItemProxy section */

/* Begin PBXFileReference section */
		0F94F791253D89E500F98249 /* EmojiViewController.swift */ = {isa = PBXFileReference; lastKnownFileType = sourcecode.swift; path = EmojiViewController.swift; sourceTree = "<group>"; };
		0F990DFD25385C1C0056BBDD /* Emoji Dictionary.app */ = {isa = PBXFileReference; explicitFileType = wrapper.application; includeInIndex = 0; path = "Emoji Dictionary.app"; sourceTree = BUILT_PRODUCTS_DIR; };
		0F990E0025385C1C0056BBDD /* AppDelegate.swift */ = {isa = PBXFileReference; lastKnownFileType = sourcecode.swift; path = AppDelegate.swift; sourceTree = "<group>"; };
		0F990E0225385C1C0056BBDD /* SceneDelegate.swift */ = {isa = PBXFileReference; lastKnownFileType = sourcecode.swift; path = SceneDelegate.swift; sourceTree = "<group>"; };
		0F990E0725385C1C0056BBDD /* Base */ = {isa = PBXFileReference; lastKnownFileType = file.storyboard; name = Base; path = Base.lproj/Main.storyboard; sourceTree = "<group>"; };
		0F990E0925385C1D0056BBDD /* Assets.xcassets */ = {isa = PBXFileReference; lastKnownFileType = folder.assetcatalog; path = Assets.xcassets; sourceTree = "<group>"; };
		0F990E0C25385C1D0056BBDD /* Base */ = {isa = PBXFileReference; lastKnownFileType = file.storyboard; name = Base; path = Base.lproj/LaunchScreen.storyboard; sourceTree = "<group>"; };
		0F990E0E25385C1D0056BBDD /* Info.plist */ = {isa = PBXFileReference; lastKnownFileType = text.plist.xml; path = Info.plist; sourceTree = "<group>"; };
		0F990E1325385C1D0056BBDD /* Emoji DictionaryTests.xctest */ = {isa = PBXFileReference; explicitFileType = wrapper.cfbundle; includeInIndex = 0; path = "Emoji DictionaryTests.xctest"; sourceTree = BUILT_PRODUCTS_DIR; };
		0F990E1725385C1D0056BBDD /* Emoji_DictionaryTests.swift */ = {isa = PBXFileReference; lastKnownFileType = sourcecode.swift; path = Emoji_DictionaryTests.swift; sourceTree = "<group>"; };
		0F990E1925385C1D0056BBDD /* Info.plist */ = {isa = PBXFileReference; lastKnownFileType = text.plist.xml; path = Info.plist; sourceTree = "<group>"; };
		0F990E1E25385C1D0056BBDD /* Emoji DictionaryUITests.xctest */ = {isa = PBXFileReference; explicitFileType = wrapper.cfbundle; includeInIndex = 0; path = "Emoji DictionaryUITests.xctest"; sourceTree = BUILT_PRODUCTS_DIR; };
		0F990E2225385C1D0056BBDD /* Emoji_DictionaryUITests.swift */ = {isa = PBXFileReference; lastKnownFileType = sourcecode.swift; path = Emoji_DictionaryUITests.swift; sourceTree = "<group>"; };
		0F990E2425385C1D0056BBDD /* Info.plist */ = {isa = PBXFileReference; lastKnownFileType = text.plist.xml; path = Info.plist; sourceTree = "<group>"; };
		0F990E3625385EEB0056BBDD /* EmojiTableViewController.swift */ = {isa = PBXFileReference; lastKnownFileType = sourcecode.swift; path = EmojiTableViewController.swift; sourceTree = "<group>"; };
		0F9F3AD9253DB38C003EABE8 /* Emoji.swift */ = {isa = PBXFileReference; lastKnownFileType = sourcecode.swift; path = Emoji.swift; sourceTree = "<group>"; };
/* End PBXFileReference section */

/* Begin PBXFrameworksBuildPhase section */
		0F990DFA25385C1C0056BBDD /* Frameworks */ = {
			isa = PBXFrameworksBuildPhase;
			buildActionMask = 2147483647;
			files = (
			);
			runOnlyForDeploymentPostprocessing = 0;
		};
		0F990E1025385C1D0056BBDD /* Frameworks */ = {
			isa = PBXFrameworksBuildPhase;
			buildActionMask = 2147483647;
			files = (
			);
			runOnlyForDeploymentPostprocessing = 0;
		};
		0F990E1B25385C1D0056BBDD /* Frameworks */ = {
			isa = PBXFrameworksBuildPhase;
			buildActionMask = 2147483647;
			files = (
			);
			runOnlyForDeploymentPostprocessing = 0;
		};
/* End PBXFrameworksBuildPhase section */

/* Begin PBXGroup section */
		0F990DF425385C1C0056BBDD = {
			isa = PBXGroup;
			children = (
				0F990DFF25385C1C0056BBDD /* Emoji Dictionary */,
				0F990E1625385C1D0056BBDD /* Emoji DictionaryTests */,
				0F990E2125385C1D0056BBDD /* Emoji DictionaryUITests */,
				0F990DFE25385C1C0056BBDD /* Products */,
			);
			sourceTree = "<group>";
		};
		0F990DFE25385C1C0056BBDD /* Products */ = {
			isa = PBXGroup;
			children = (
				0F990DFD25385C1C0056BBDD /* Emoji Dictionary.app */,
				0F990E1325385C1D0056BBDD /* Emoji DictionaryTests.xctest */,
				0F990E1E25385C1D0056BBDD /* Emoji DictionaryUITests.xctest */,
			);
			name = Products;
			sourceTree = "<group>";
		};
		0F990DFF25385C1C0056BBDD /* Emoji Dictionary */ = {
			isa = PBXGroup;
			children = (
				0F990E0025385C1C0056BBDD /* AppDelegate.swift */,
				0F990E0225385C1C0056BBDD /* SceneDelegate.swift */,
				0F990E3625385EEB0056BBDD /* EmojiTableViewController.swift */,
				0F94F791253D89E500F98249 /* EmojiViewController.swift */,
				0F990E0625385C1C0056BBDD /* Main.storyboard */,
				0F990E0925385C1D0056BBDD /* Assets.xcassets */,
				0F990E0B25385C1D0056BBDD /* LaunchScreen.storyboard */,
				0F990E0E25385C1D0056BBDD /* Info.plist */,
				0F9F3AD9253DB38C003EABE8 /* Emoji.swift */,
			);
			path = "Emoji Dictionary";
			sourceTree = "<group>";
		};
		0F990E1625385C1D0056BBDD /* Emoji DictionaryTests */ = {
			isa = PBXGroup;
			children = (
				0F990E1725385C1D0056BBDD /* Emoji_DictionaryTests.swift */,
				0F990E1925385C1D0056BBDD /* Info.plist */,
			);
			path = "Emoji DictionaryTests";
			sourceTree = "<group>";
		};
		0F990E2125385C1D0056BBDD /* Emoji DictionaryUITests */ = {
			isa = PBXGroup;
			children = (
				0F990E2225385C1D0056BBDD /* Emoji_DictionaryUITests.swift */,
				0F990E2425385C1D0056BBDD /* Info.plist */,
			);
			path = "Emoji DictionaryUITests";
			sourceTree = "<group>";
		};
/* End PBXGroup section */

/* Begin PBXNativeTarget section */
		0F990DFC25385C1C0056BBDD /* Emoji Dictionary */ = {
			isa = PBXNativeTarget;
			buildConfigurationList = 0F990E2725385C1D0056BBDD /* Build configuration list for PBXNativeTarget "Emoji Dictionary" */;
			buildPhases = (
				0F990DF925385C1C0056BBDD /* Sources */,
				0F990DFA25385C1C0056BBDD /* Frameworks */,
				0F990DFB25385C1C0056BBDD /* Resources */,
			);
			buildRules = (
			);
			dependencies = (
			);
			name = "Emoji Dictionary";
			productName = "Emoji Dictionary";
			productReference = 0F990DFD25385C1C0056BBDD /* Emoji Dictionary.app */;
			productType = "com.apple.product-type.application";
		};
		0F990E1225385C1D0056BBDD /* Emoji DictionaryTests */ = {
			isa = PBXNativeTarget;
			buildConfigurationList = 0F990E2A25385C1D0056BBDD /* Build configuration list for PBXNativeTarget "Emoji DictionaryTests" */;
			buildPhases = (
				0F990E0F25385C1D0056BBDD /* Sources */,
				0F990E1025385C1D0056BBDD /* Frameworks */,
				0F990E1125385C1D0056BBDD /* Resources */,
			);
			buildRules = (
			);
			dependencies = (
				0F990E1525385C1D0056BBDD /* PBXTargetDependency */,
			);
			name = "Emoji DictionaryTests";
			productName = "Emoji DictionaryTests";
			productReference = 0F990E1325385C1D0056BBDD /* Emoji DictionaryTests.xctest */;
			productType = "com.apple.product-type.bundle.unit-test";
		};
		0F990E1D25385C1D0056BBDD /* Emoji DictionaryUITests */ = {
			isa = PBXNativeTarget;
			buildConfigurationList = 0F990E2D25385C1D0056BBDD /* Build configuration list for PBXNativeTarget "Emoji DictionaryUITests" */;
			buildPhases = (
				0F990E1A25385C1D0056BBDD /* Sources */,
				0F990E1B25385C1D0056BBDD /* Frameworks */,
				0F990E1C25385C1D0056BBDD /* Resources */,
			);
			buildRules = (
			);
			dependencies = (
				0F990E2025385C1D0056BBDD /* PBXTargetDependency */,
			);
			name = "Emoji DictionaryUITests";
			productName = "Emoji DictionaryUITests";
			productReference = 0F990E1E25385C1D0056BBDD /* Emoji DictionaryUITests.xctest */;
			productType = "com.apple.product-type.bundle.ui-testing";
		};
/* End PBXNativeTarget section */

/* Begin PBXProject section */
		0F990DF525385C1C0056BBDD /* Project object */ = {
			isa = PBXProject;
			attributes = {
				LastSwiftUpdateCheck = 1200;
				LastUpgradeCheck = 1200;
				TargetAttributes = {
					0F990DFC25385C1C0056BBDD = {
						CreatedOnToolsVersion = 12.0.1;
					};
					0F990E1225385C1D0056BBDD = {
						CreatedOnToolsVersion = 12.0.1;
						TestTargetID = 0F990DFC25385C1C0056BBDD;
					};
					0F990E1D25385C1D0056BBDD = {
						CreatedOnToolsVersion = 12.0.1;
						TestTargetID = 0F990DFC25385C1C0056BBDD;
					};
				};
			};
			buildConfigurationList = 0F990DF825385C1C0056BBDD /* Build configuration list for PBXProject "Emoji Dictionary" */;
			compatibilityVersion = "Xcode 9.3";
			developmentRegion = en;
			hasScannedForEncodings = 0;
			knownRegions = (
				en,
				Base,
			);
			mainGroup = 0F990DF425385C1C0056BBDD;
			productRefGroup = 0F990DFE25385C1C0056BBDD /* Products */;
			projectDirPath = "";
			projectRoot = "";
			targets = (
				0F990DFC25385C1C0056BBDD /* Emoji Dictionary */,
				0F990E1225385C1D0056BBDD /* Emoji DictionaryTests */,
				0F990E1D25385C1D0056BBDD /* Emoji DictionaryUITests */,
			);
		};
/* End PBXProject section */

/* Begin PBXResourcesBuildPhase section */
		0F990DFB25385C1C0056BBDD /* Resources */ = {
			isa = PBXResourcesBuildPhase;
			buildActionMask = 2147483647;
			files = (
				0F990E0D25385C1D0056BBDD /* LaunchScreen.storyboard in Resources */,
				0F990E0A25385C1D0056BBDD /* Assets.xcassets in Resources */,
				0F990E0825385C1C0056BBDD /* Main.storyboard in Resources */,
			);
			runOnlyForDeploymentPostprocessing = 0;
		};
		0F990E1125385C1D0056BBDD /* Resources */ = {
			isa = PBXResourcesBuildPhase;
			buildActionMask = 2147483647;
			files = (
			);
			runOnlyForDeploymentPostprocessing = 0;
		};
		0F990E1C25385C1D0056BBDD /* Resources */ = {
			isa = PBXResourcesBuildPhase;
			buildActionMask = 2147483647;
			files = (
			);
			runOnlyForDeploymentPostprocessing = 0;
		};
/* End PBXResourcesBuildPhase section */

/* Begin PBXSourcesBuildPhase section */
		0F990DF925385C1C0056BBDD /* Sources */ = {
			isa = PBXSourcesBuildPhase;
			buildActionMask = 2147483647;
			files = (
				0F9F3ADA253DB38C003EABE8 /* Emoji.swift in Sources */,
				0F990E0125385C1C0056BBDD /* AppDelegate.swift in Sources */,
				0F990E3725385EEB0056BBDD /* EmojiTableViewController.swift in Sources */,
				0F990E0325385C1C0056BBDD /* SceneDelegate.swift in Sources */,
				0F94F792253D89E500F98249 /* EmojiViewController.swift in Sources */,
			);
			runOnlyForDeploymentPostprocessing = 0;
		};
		0F990E0F25385C1D0056BBDD /* Sources */ = {
			isa = PBXSourcesBuildPhase;
			buildActionMask = 2147483647;
			files = (
				0F990E1825385C1D0056BBDD /* Emoji_DictionaryTests.swift in Sources */,
			);
			runOnlyForDeploymentPostprocessing = 0;
		};
		0F990E1A25385C1D0056BBDD /* Sources */ = {
			isa = PBXSourcesBuildPhase;
			buildActionMask = 2147483647;
			files = (
				0F990E2325385C1D0056BBDD /* Emoji_DictionaryUITests.swift in Sources */,
			);
			runOnlyForDeploymentPostprocessing = 0;
		};
/* End PBXSourcesBuildPhase section */

/* Begin PBXTargetDependency section */
		0F990E1525385C1D0056BBDD /* PBXTargetDependency */ = {
			isa = PBXTargetDependency;
			target = 0F990DFC25385C1C0056BBDD /* Emoji Dictionary */;
			targetProxy = 0F990E1425385C1D0056BBDD /* PBXContainerItemProxy */;
		};
		0F990E2025385C1D0056BBDD /* PBXTargetDependency */ = {
			isa = PBXTargetDependency;
			target = 0F990DFC25385C1C0056BBDD /* Emoji Dictionary */;
			targetProxy = 0F990E1F25385C1D0056BBDD /* PBXContainerItemProxy */;
		};
/* End PBXTargetDependency section */

/* Begin PBXVariantGroup section */
		0F990E0625385C1C0056BBDD /* Main.storyboard */ = {
			isa = PBXVariantGroup;
			children = (
				0F990E0725385C1C0056BBDD /* Base */,
			);
			name = Main.storyboard;
			sourceTree = "<group>";
		};
		0F990E0B25385C1D0056BBDD /* LaunchScreen.storyboard */ = {
			isa = PBXVariantGroup;
			children = (
				0F990E0C25385C1D0056BBDD /* Base */,
			);
			name = LaunchScreen.storyboard;
			sourceTree = "<group>";
		};
/* End PBXVariantGroup section */

/* Begin XCBuildConfiguration section */
		0F990E2525385C1D0056BBDD /* Debug */ = {
			isa = XCBuildConfiguration;
			buildSettings = {
				ALWAYS_SEARCH_USER_PATHS = NO;
				CLANG_ANALYZER_NONNULL = YES;
				CLANG_ANALYZER_NUMBER_OBJECT_CONVERSION = YES_AGGRESSIVE;
				CLANG_CXX_LANGUAGE_STANDARD = "gnu++14";
				CLANG_CXX_LIBRARY = "libc++";
				CLANG_ENABLE_MODULES = YES;
				CLANG_ENABLE_OBJC_ARC = YES;
				CLANG_ENABLE_OBJC_WEAK = YES;
				CLANG_WARN_BLOCK_CAPTURE_AUTORELEASING = YES;
				CLANG_WARN_BOOL_CONVERSION = YES;
				CLANG_WARN_COMMA = YES;
				CLANG_WARN_CONSTANT_CONVERSION = YES;
				CLANG_WARN_DEPRECATED_OBJC_IMPLEMENTATIONS = YES;
				CLANG_WARN_DIRECT_OBJC_ISA_USAGE = YES_ERROR;
				CLANG_WARN_DOCUMENTATION_COMMENTS = YES;
				CLANG_WARN_EMPTY_BODY = YES;
				CLANG_WARN_ENUM_CONVERSION = YES;
				CLANG_WARN_INFINITE_RECURSION = YES;
				CLANG_WARN_INT_CONVERSION = YES;
				CLANG_WARN_NON_LITERAL_NULL_CONVERSION = YES;
				CLANG_WARN_OBJC_IMPLICIT_RETAIN_SELF = YES;
				CLANG_WARN_OBJC_LITERAL_CONVERSION = YES;
				CLANG_WARN_OBJC_ROOT_CLASS = YES_ERROR;
				CLANG_WARN_QUOTED_INCLUDE_IN_FRAMEWORK_HEADER = YES;
				CLANG_WARN_RANGE_LOOP_ANALYSIS = YES;
				CLANG_WARN_STRICT_PROTOTYPES = YES;
				CLANG_WARN_SUSPICIOUS_MOVE = YES;
				CLANG_WARN_UNGUARDED_AVAILABILITY = YES_AGGRESSIVE;
				CLANG_WARN_UNREACHABLE_CODE = YES;
				CLANG_WARN__DUPLICATE_METHOD_MATCH = YES;
				COPY_PHASE_STRIP = NO;
				DEBUG_INFORMATION_FORMAT = dwarf;
				ENABLE_STRICT_OBJC_MSGSEND = YES;
				ENABLE_TESTABILITY = YES;
				GCC_C_LANGUAGE_STANDARD = gnu11;
				GCC_DYNAMIC_NO_PIC = NO;
				GCC_NO_COMMON_BLOCKS = YES;
				GCC_OPTIMIZATION_LEVEL = 0;
				GCC_PREPROCESSOR_DEFINITIONS = (
					"DEBUG=1",
					"$(inherited)",
				);
				GCC_WARN_64_TO_32_BIT_CONVERSION = YES;
				GCC_WARN_ABOUT_RETURN_TYPE = YES_ERROR;
				GCC_WARN_UNDECLARED_SELECTOR = YES;
				GCC_WARN_UNINITIALIZED_AUTOS = YES_AGGRESSIVE;
				GCC_WARN_UNUSED_FUNCTION = YES;
				GCC_WARN_UNUSED_VARIABLE = YES;
				IPHONEOS_DEPLOYMENT_TARGET = 14.0;
				MTL_ENABLE_DEBUG_INFO = INCLUDE_SOURCE;
				MTL_FAST_MATH = YES;
				ONLY_ACTIVE_ARCH = YES;
				SDKROOT = iphoneos;
				SWIFT_ACTIVE_COMPILATION_CONDITIONS = DEBUG;
				SWIFT_OPTIMIZATION_LEVEL = "-Onone";
			};
			name = Debug;
		};
		0F990E2625385C1D0056BBDD /* Release */ = {
			isa = XCBuildConfiguration;
			buildSettings = {
				ALWAYS_SEARCH_USER_PATHS = NO;
				CLANG_ANALYZER_NONNULL = YES;
				CLANG_ANALYZER_NUMBER_OBJECT_CONVERSION = YES_AGGRESSIVE;
				CLANG_CXX_LANGUAGE_STANDARD = "gnu++14";
				CLANG_CXX_LIBRARY = "libc++";
				CLANG_ENABLE_MODULES = YES;
				CLANG_ENABLE_OBJC_ARC = YES;
				CLANG_ENABLE_OBJC_WEAK = YES;
				CLANG_WARN_BLOCK_CAPTURE_AUTORELEASING = YES;
				CLANG_WARN_BOOL_CONVERSION = YES;
				CLANG_WARN_COMMA = YES;
				CLANG_WARN_CONSTANT_CONVERSION = YES;
				CLANG_WARN_DEPRECATED_OBJC_IMPLEMENTATIONS = YES;
				CLANG_WARN_DIRECT_OBJC_ISA_USAGE = YES_ERROR;
				CLANG_WARN_DOCUMENTATION_COMMENTS = YES;
				CLANG_WARN_EMPTY_BODY = YES;
				CLANG_WARN_ENUM_CONVERSION = YES;
				CLANG_WARN_INFINITE_RECURSION = YES;
				CLANG_WARN_INT_CONVERSION = YES;
				CLANG_WARN_NON_LITERAL_NULL_CONVERSION = YES;
				CLANG_WARN_OBJC_IMPLICIT_RETAIN_SELF = YES;
				CLANG_WARN_OBJC_LITERAL_CONVERSION = YES;
				CLANG_WARN_OBJC_ROOT_CLASS = YES_ERROR;
				CLANG_WARN_QUOTED_INCLUDE_IN_FRAMEWORK_HEADER = YES;
				CLANG_WARN_RANGE_LOOP_ANALYSIS = YES;
				CLANG_WARN_STRICT_PROTOTYPES = YES;
				CLANG_WARN_SUSPICIOUS_MOVE = YES;
				CLANG_WARN_UNGUARDED_AVAILABILITY = YES_AGGRESSIVE;
				CLANG_WARN_UNREACHABLE_CODE = YES;
				CLANG_WARN__DUPLICATE_METHOD_MATCH = YES;
				COPY_PHASE_STRIP = NO;
				DEBUG_INFORMATION_FORMAT = "dwarf-with-dsym";
				ENABLE_NS_ASSERTIONS = NO;
				ENABLE_STRICT_OBJC_MSGSEND = YES;
				GCC_C_LANGUAGE_STANDARD = gnu11;
				GCC_NO_COMMON_BLOCKS = YES;
				GCC_WARN_64_TO_32_BIT_CONVERSION = YES;
				GCC_WARN_ABOUT_RETURN_TYPE = YES_ERROR;
				GCC_WARN_UNDECLARED_SELECTOR = YES;
				GCC_WARN_UNINITIALIZED_AUTOS = YES_AGGRESSIVE;
				GCC_WARN_UNUSED_FUNCTION = YES;
				GCC_WARN_UNUSED_VARIABLE = YES;
				IPHONEOS_DEPLOYMENT_TARGET = 14.0;
				MTL_ENABLE_DEBUG_INFO = NO;
				MTL_FAST_MATH = YES;
				SDKROOT = iphoneos;
				SWIFT_COMPILATION_MODE = wholemodule;
				SWIFT_OPTIMIZATION_LEVEL = "-O";
				VALIDATE_PRODUCT = YES;
			};
			name = Release;
		};
		0F990E2825385C1D0056BBDD /* Debug */ = {
			isa = XCBuildConfiguration;
			buildSettings = {
				ASSETCATALOG_COMPILER_APPICON_NAME = AppIcon;
				ASSETCATALOG_COMPILER_GLOBAL_ACCENT_COLOR_NAME = AccentColor;
				CODE_SIGN_STYLE = Automatic;
				INFOPLIST_FILE = "Emoji Dictionary/Info.plist";
				LD_RUNPATH_SEARCH_PATHS = (
					"$(inherited)",
					"@executable_path/Frameworks",
				);
				PRODUCT_BUNDLE_IDENTIFIER = "tadeja.kersic.Emoji-Dictionary";
				PRODUCT_NAME = "$(TARGET_NAME)";
				SWIFT_VERSION = 5.0;
				TARGETED_DEVICE_FAMILY = "1,2";
			};
			name = Debug;
		};
		0F990E2925385C1D0056BBDD /* Release */ = {
			isa = XCBuildConfiguration;
			buildSettings = {
				ASSETCATALOG_COMPILER_APPICON_NAME = AppIcon;
				ASSETCATALOG_COMPILER_GLOBAL_ACCENT_COLOR_NAME = AccentColor;
				CODE_SIGN_STYLE = Automatic;
				INFOPLIST_FILE = "Emoji Dictionary/Info.plist";
				LD_RUNPATH_SEARCH_PATHS = (
					"$(inherited)",
					"@executable_path/Frameworks",
				);
				PRODUCT_BUNDLE_IDENTIFIER = "tadeja.kersic.Emoji-Dictionary";
				PRODUCT_NAME = "$(TARGET_NAME)";
				SWIFT_VERSION = 5.0;
				TARGETED_DEVICE_FAMILY = "1,2";
			};
			name = Release;
		};
		0F990E2B25385C1D0056BBDD /* Debug */ = {
			isa = XCBuildConfiguration;
			buildSettings = {
				ALWAYS_EMBED_SWIFT_STANDARD_LIBRARIES = YES;
				BUNDLE_LOADER = "$(TEST_HOST)";
				CODE_SIGN_STYLE = Automatic;
				INFOPLIST_FILE = "Emoji DictionaryTests/Info.plist";
				IPHONEOS_DEPLOYMENT_TARGET = 14.0;
				LD_RUNPATH_SEARCH_PATHS = (
					"$(inherited)",
					"@executable_path/Frameworks",
					"@loader_path/Frameworks",
				);
				PRODUCT_BUNDLE_IDENTIFIER = "tadeja.kersic.Emoji-DictionaryTests";
				PRODUCT_NAME = "$(TARGET_NAME)";
				SWIFT_VERSION = 5.0;
				TARGETED_DEVICE_FAMILY = "1,2";
				TEST_HOST = "$(BUILT_PRODUCTS_DIR)/Emoji Dictionary.app/Emoji Dictionary";
			};
			name = Debug;
		};
		0F990E2C25385C1D0056BBDD /* Release */ = {
			isa = XCBuildConfiguration;
			buildSettings = {
				ALWAYS_EMBED_SWIFT_STANDARD_LIBRARIES = YES;
				BUNDLE_LOADER = "$(TEST_HOST)";
				CODE_SIGN_STYLE = Automatic;
				INFOPLIST_FILE = "Emoji DictionaryTests/Info.plist";
				IPHONEOS_DEPLOYMENT_TARGET = 14.0;
				LD_RUNPATH_SEARCH_PATHS = (
					"$(inherited)",
					"@executable_path/Frameworks",
					"@loader_path/Frameworks",
				);
				PRODUCT_BUNDLE_IDENTIFIER = "tadeja.kersic.Emoji-DictionaryTests";
				PRODUCT_NAME = "$(TARGET_NAME)";
				SWIFT_VERSION = 5.0;
				TARGETED_DEVICE_FAMILY = "1,2";
				TEST_HOST = "$(BUILT_PRODUCTS_DIR)/Emoji Dictionary.app/Emoji Dictionary";
			};
			name = Release;
		};
		0F990E2E25385C1D0056BBDD /* Debug */ = {
			isa = XCBuildConfiguration;
			buildSettings = {
				ALWAYS_EMBED_SWIFT_STANDARD_LIBRARIES = YES;
				CODE_SIGN_STYLE = Automatic;
				INFOPLIST_FILE = "Emoji DictionaryUITests/Info.plist";
				LD_RUNPATH_SEARCH_PATHS = (
					"$(inherited)",
					"@executable_path/Frameworks",
					"@loader_path/Frameworks",
				);
				PRODUCT_BUNDLE_IDENTIFIER = "tadeja.kersic.Emoji-DictionaryUITests";
				PRODUCT_NAME = "$(TARGET_NAME)";
				SWIFT_VERSION = 5.0;
				TARGETED_DEVICE_FAMILY = "1,2";
				TEST_TARGET_NAME = "Emoji Dictionary";
			};
			name = Debug;
		};
		0F990E2F25385C1D0056BBDD /* Release */ = {
			isa = XCBuildConfiguration;
			buildSettings = {
				ALWAYS_EMBED_SWIFT_STANDARD_LIBRARIES = YES;
				CODE_SIGN_STYLE = Automatic;
				INFOPLIST_FILE = "Emoji DictionaryUITests/Info.plist";
				LD_RUNPATH_SEARCH_PATHS = (
					"$(inherited)",
					"@executable_path/Frameworks",
					"@loader_path/Frameworks",
				);
				PRODUCT_BUNDLE_IDENTIFIER = "tadeja.kersic.Emoji-DictionaryUITests";
				PRODUCT_NAME = "$(TARGET_NAME)";
				SWIFT_VERSION = 5.0;
				TARGETED_DEVICE_FAMILY = "1,2";
				TEST_TARGET_NAME = "Emoji Dictionary";
			};
			name = Release;
		};
/* End XCBuildConfiguration section */

/* Begin XCConfigurationList section */
		0F990DF825385C1C0056BBDD /* Build configuration list for PBXProject "Emoji Dictionary" */ = {
			isa = XCConfigurationList;
			buildConfigurations = (
				0F990E2525385C1D0056BBDD /* Debug */,
				0F990E2625385C1D0056BBDD /* Release */,
			);
			defaultConfigurationIsVisible = 0;
			defaultConfigurationName = Release;
		};
		0F990E2725385C1D0056BBDD /* Build configuration list for PBXNativeTarget "Emoji Dictionary" */ = {
			isa = XCConfigurationList;
			buildConfigurations = (
				0F990E2825385C1D0056BBDD /* Debug */,
				0F990E2925385C1D0056BBDD /* Release */,
			);
			defaultConfigurationIsVisible = 0;
			defaultConfigurationName = Release;
		};
		0F990E2A25385C1D0056BBDD /* Build configuration list for PBXNativeTarget "Emoji DictionaryTests" */ = {
			isa = XCConfigurationList;
			buildConfigurations = (
				0F990E2B25385C1D0056BBDD /* Debug */,
				0F990E2C25385C1D0056BBDD /* Release */,
			);
			defaultConfigurationIsVisible = 0;
			defaultConfigurationName = Release;
		};
		0F990E2D25385C1D0056BBDD /* Build configuration list for PBXNativeTarget "Emoji DictionaryUITests" */ = {
			isa = XCConfigurationList;
			buildConfigurations = (
				0F990E2E25385C1D0056BBDD /* Debug */,
				0F990E2F25385C1D0056BBDD /* Release */,
			);
			defaultConfigurationIsVisible = 0;
			defaultConfigurationName = Release;
		};
/* End XCConfigurationList section */
	};
	rootObject = 0F990DF525385C1C0056BBDD /* Project object */;
}
